
Microsoft Visual Studio Solution File, Format Version 12.00
# Visual Studio Version 16
VisualStudioVersion = 16.0.30104.148
MinimumVisualStudioVersion = 10.0.40219.1
Project("{8BC9CEB8-8B4A-11D0-8D11-00A0C91BC942}") = "MapGenerator", "MapGenerator\MapGenerator.vcxproj", "{E714AC74-8257-4C1B-8CC3-553E6D50E1BF}"
EndProject
Global
	GlobalSection(SolutionConfigurationPlatforms) = preSolution
		Debug|x64 = Debug|x64
		Debug|x86 = Debug|x86
		Release|x64 = Release|x64
		Release|x86 = Release|x86
	EndGlobalSection
	GlobalSection(ProjectConfigurationPlatforms) = postSolution
		{E714AC74-8257-4C1B-8CC3-553E6D50E1BF}.Debug|x64.ActiveCfg = Debug|x64
		{E714AC74-8257-4C1B-8CC3-553E6D50E1BF}.Debug|x64.Build.0 = Debug|x64
		{E714AC74-8257-4C1B-8CC3-553E6D50E1BF}.Debug|x86.ActiveCfg = Debug|Win32
		{E714AC74-8257-4C1B-8CC3-553E6D50E1BF}.Debug|x86.Build.0 = Debug|Win32
		{E714AC74-8257-4C1B-8CC3-553E6D50E1BF}.Release|x64.ActiveCfg = Release|x64
		{E714AC74-8257-4C1B-8CC3-553E6D50E1BF}.Release|x64.Build.0 = Release|x64
		{E714AC74-8257-4C1B-8CC3-553E6D50E1BF}.Release|x86.ActiveCfg = Release|Win32
		{E714AC74-8257-4C1B-8CC3-553E6D50E1BF}.Release|x86.Build.0 = Release|Win32
	EndGlobalSection
	GlobalSection(SolutionProperties) = preSolution
		HideSolutionNode = FALSE
	EndGlobalSection
	GlobalSection(ExtensibilityGlobals) = postSolution
		SolutionGuid = {927F0864-3563-4048-88CB-8EE1D4122A27}
	EndGlobalSection
EndGlobal
